
Microsoft Visual Studio Solution File, Format Version 12.00
# Visual Studio Version 16
VisualStudioVersion = 16.0.29306.81
MinimumVisualStudioVersion = 10.0.40219.1
Project("{2150E333-8FDC-42A3-9474-1A3956D46DE8}") = "Infraestrutura", "Infraestrutura", "{4F076AD9-8A24-490D-9DD9-BC6967FBE10A}"
EndProject
Project("{2150E333-8FDC-42A3-9474-1A3956D46DE8}") = "Negocio", "Negocio", "{E0AF0D2B-A09C-4AF0-9CB7-15C100CA859B}"
EndProject
Project("{2150E333-8FDC-42A3-9474-1A3956D46DE8}") = "Legado", "Legado", "{9BB13697-8681-4C58-A11B-C9C6A861C776}"
EndProject
Project("{2150E333-8FDC-42A3-9474-1A3956D46DE8}") = "Integracao", "Integracao", "{6977BEB7-CB90-4B08-8310-211ABA9464F8}"
EndProject
Project("{2150E333-8FDC-42A3-9474-1A3956D46DE8}") = "Apresentacao", "Apresentacao", "{A48F5068-4100-4168-BC9B-47898F5FF4A3}"
EndProject
Project("{FAE04EC0-301F-11D3-BF4B-00C04F79EFBC}") = "cwkGestao.Modelo", "cwkGestao.Modelo\cwkGestao.Modelo.csproj", "{55A7F92E-10A9-4DB0-8F8B-F359BF537C43}"
EndProject
Project("{FAE04EC0-301F-11D3-BF4B-00C04F79EFBC}") = "cwkGestao.Negocio", "cwkGestao.Negocio\cwkGestao.Negocio.csproj", "{D9DADF10-38EB-476C-92ED-E189D54DD9FB}"
EndProject
Project("{FAE04EC0-301F-11D3-BF4B-00C04F79EFBC}") = "cwkGestao.Repositorio", "cwkGestao.Repositorio\cwkGestao.Repositorio.csproj", "{9EEF11AE-5542-4AA9-8B9E-DEB90EF9E32B}"
EndProject
Project("{FAE04EC0-301F-11D3-BF4B-00C04F79EFBC}") = "BLL", "BLL\BLL.csproj", "{A89B7CCD-B499-49D7-BCF9-ABEEF1CBE84F}"
EndProject
Project("{FAE04EC0-301F-11D3-BF4B-00C04F79EFBC}") = "cwkGestao.NFe", "cwkGestao.NFe\cwkGestao.NFe.csproj", "{66FD1243-D292-4CAA-A6F7-B80FCD15D141}"
EndProject
Project("{FAE04EC0-301F-11D3-BF4B-00C04F79EFBC}") = "cwkGestao", "cwkGestao\cwkGestao.csproj", "{2C587F3E-8BDC-411F-AA93-13E781A33CE5}"
EndProject
Project("{FAE04EC0-301F-11D3-BF4B-00C04F79EFBC}") = "Modelo", "Modelo\Modelo.csproj", "{3BB9E501-1901-4180-B9D7-04AE4F913C99}"
EndProject
Project("{FAE04EC0-301F-11D3-BF4B-00C04F79EFBC}") = "cwkGestao.Integracao.Magento", "cwkGestao.Integracao.Magento\cwkGestao.Integracao.Magento.csproj", "{F3B664B3-A1D8-446B-8D34-D11F133F6EE0}"
EndProject
Project("{FAE04EC0-301F-11D3-BF4B-00C04F79EFBC}") = "cwkGestao.Integracao.Telefonia", "cwkGestao.Integracao.Telefonia\cwkGestao.Integracao.Telefonia.csproj", "{C604E960-EDD4-494C-9B48-CEF9AEE3B3C7}"
EndProject
Project("{FAE04EC0-301F-11D3-BF4B-00C04F79EFBC}") = "Relatorio", "Relatorio\Relatorio.csproj", "{969DEB9C-5400-45EF-8C62-4DCAA4FC0CB5}"
EndProject
Project("{FAE04EC0-301F-11D3-BF4B-00C04F79EFBC}") = "cwkGestao.Integracao.Correios", "cwkGestao.Integracao.Correios\cwkGestao.Integracao.Correios.csproj", "{0C235C9C-4FD8-49FA-91E3-02064C570641}"
EndProject
Project("{FAE04EC0-301F-11D3-BF4B-00C04F79EFBC}") = "cwkGestao.Integracao.MercadoLivre", "cwkGestao.Integracao.MercadoLivre\cwkGestao.Integracao.MercadoLivre.csproj", "{49755D25-4FE2-4A69-8887-37DBEABEE2D1}"
EndProject
Project("{FAE04EC0-301F-11D3-BF4B-00C04F79EFBC}") = "cwkGestao.Integracao.SISeCommerce", "cwkGestao.Integracao.SISeCommerce\cwkGestao.Integracao.SISeCommerce.csproj", "{5172A3B6-B092-4293-AFA8-74F1778834DA}"
EndProject
Project("{FAE04EC0-301F-11D3-BF4B-00C04F79EFBC}") = "cwkGestao.Integracao.SHL", "cwkGestao.Integracao.SHL\cwkGestao.Integracao.SHL.csproj", "{CF3F514D-E284-41F0-BDB5-469E0520D621}"
EndProject
Project("{FAE04EC0-301F-11D3-BF4B-00C04F79EFBC}") = "CwkGestao.Integracao.PafEcf.Salc", "CwkGestao.Integracao.PafEcf.Salc\CwkGestao.Integracao.PafEcf.Salc.csproj", "{6B4A997F-4EE4-4AAB-8512-D2F988113880}"
EndProject
Project("{FAE04EC0-301F-11D3-BF4B-00C04F79EFBC}") = "Aplicacao", "Aplicacao\Aplicacao.csproj", "{04BC8C89-BC20-4EB7-8EAD-81E22286F808}"
EndProject
Project("{FAE04EC0-301F-11D3-BF4B-00C04F79EFBC}") = "cwkGestao.Integracao.Sped.Fiscal", "cwkGestao.Integracao.Sped.Fiscal\cwkGestao.Integracao.Sped.Fiscal.csproj", "{71B1D753-53A8-4635-A564-24EA70B4FA0B}"
	ProjectSection(ProjectDependencies) = postProject
		{55A7F92E-10A9-4DB0-8F8B-F359BF537C43} = {55A7F92E-10A9-4DB0-8F8B-F359BF537C43}
	EndProjectSection
EndProject
Project("{2150E333-8FDC-42A3-9474-1A3956D46DE8}") = ".nuget", ".nuget", "{AB139D20-CBAF-4D35-B799-77508AE217B1}"
	ProjectSection(SolutionItems) = preProject
		.nuget\packages.config = .nuget\packages.config
	EndProjectSection
EndProject
Project("{2150E333-8FDC-42A3-9474-1A3956D46DE8}") = "Util", "Util", "{B66E07D7-69D5-420F-A384-A7F51DF11559}"
EndProject
Project("{FAE04EC0-301F-11D3-BF4B-00C04F79EFBC}") = "DBUtils", "DBUtils\DBUtils.csproj", "{B864FF31-93B5-443E-988D-93F8A5991D47}"
EndProject
Project("{FAE04EC0-301F-11D3-BF4B-00C04F79EFBC}") = "cwkGestao.Integracao.ACBr", "cwkGestao.Integracao.ACBr\cwkGestao.Integracao.ACBr.csproj", "{7DD04629-7F96-4493-AB0D-BFEB3B3DA342}"
EndProject
Project("{FAE04EC0-301F-11D3-BF4B-00C04F79EFBC}") = "cwkGestao.Integracao.NFSe", "cwkGestao.Integracao.NFSe\cwkGestao.Integracao.NFSe.csproj", "{13EADD71-0482-4D08-99F3-E1259C4511A2}"
EndProject
Project("{FAE04EC0-301F-11D3-BF4B-00C04F79EFBC}") = "cwkGestao.Integracao.Ecommerce", "cwkGestao.Integracao.Ecommerce\cwkGestao.Integracao.Ecommerce.csproj", "{BA2A837B-8749-4E8A-AE2D-2B5ABFEB297B}"
EndProject
Project("{FAE04EC0-301F-11D3-BF4B-00C04F79EFBC}") = "cwkGestao.Integracao.MDFe", "cwkGestao.Integracao.MDFe\cwkGestao.Integracao.MDFe.csproj", "{4CBBBB73-3DC9-4EF4-A01B-98DC07CA5287}"
EndProject
Global
	GlobalSection(SolutionConfigurationPlatforms) = preSolution
		Debug|Any CPU = Debug|Any CPU
		Debug|Mixed Platforms = Debug|Mixed Platforms
		Debug|x64 = Debug|x64
		Debug|x86 = Debug|x86
		Release|Any CPU = Release|Any CPU
		Release|Mixed Platforms = Release|Mixed Platforms
		Release|x64 = Release|x64
		Release|x86 = Release|x86
		Test|Any CPU = Test|Any CPU
		Test|Mixed Platforms = Test|Mixed Platforms
		Test|x64 = Test|x64
		Test|x86 = Test|x86
	EndGlobalSection
	GlobalSection(ProjectConfigurationPlatforms) = postSolution
		{55A7F92E-10A9-4DB0-8F8B-F359BF537C43}.Debug|Any CPU.ActiveCfg = Debug|Any CPU
		{55A7F92E-10A9-4DB0-8F8B-F359BF537C43}.Debug|Any CPU.Build.0 = Debug|Any CPU
		{55A7F92E-10A9-4DB0-8F8B-F359BF537C43}.Debug|Mixed Platforms.ActiveCfg = Debug|x86
		{55A7F92E-10A9-4DB0-8F8B-F359BF537C43}.Debug|Mixed Platforms.Build.0 = Debug|x86
		{55A7F92E-10A9-4DB0-8F8B-F359BF537C43}.Debug|x64.ActiveCfg = Debug|x64
		{55A7F92E-10A9-4DB0-8F8B-F359BF537C43}.Debug|x64.Build.0 = Debug|x64
		{55A7F92E-10A9-4DB0-8F8B-F359BF537C43}.Debug|x86.ActiveCfg = Debug|x86
		{55A7F92E-10A9-4DB0-8F8B-F359BF537C43}.Debug|x86.Build.0 = Debug|x86
		{55A7F92E-10A9-4DB0-8F8B-F359BF537C43}.Release|Any CPU.ActiveCfg = Release|Any CPU
		{55A7F92E-10A9-4DB0-8F8B-F359BF537C43}.Release|Any CPU.Build.0 = Release|Any CPU
		{55A7F92E-10A9-4DB0-8F8B-F359BF537C43}.Release|Mixed Platforms.ActiveCfg = Release|x86
		{55A7F92E-10A9-4DB0-8F8B-F359BF537C43}.Release|Mixed Platforms.Build.0 = Release|x86
		{55A7F92E-10A9-4DB0-8F8B-F359BF537C43}.Release|x64.ActiveCfg = Release|x64
		{55A7F92E-10A9-4DB0-8F8B-F359BF537C43}.Release|x64.Build.0 = Release|x64
		{55A7F92E-10A9-4DB0-8F8B-F359BF537C43}.Release|x86.ActiveCfg = Release|x86
		{55A7F92E-10A9-4DB0-8F8B-F359BF537C43}.Release|x86.Build.0 = Release|x86
		{55A7F92E-10A9-4DB0-8F8B-F359BF537C43}.Test|Any CPU.ActiveCfg = Test|Any CPU
		{55A7F92E-10A9-4DB0-8F8B-F359BF537C43}.Test|Any CPU.Build.0 = Test|Any CPU
		{55A7F92E-10A9-4DB0-8F8B-F359BF537C43}.Test|Mixed Platforms.ActiveCfg = Test|x86
		{55A7F92E-10A9-4DB0-8F8B-F359BF537C43}.Test|Mixed Platforms.Build.0 = Test|x86
		{55A7F92E-10A9-4DB0-8F8B-F359BF537C43}.Test|x64.ActiveCfg = Test|x64
		{55A7F92E-10A9-4DB0-8F8B-F359BF537C43}.Test|x64.Build.0 = Test|x64
		{55A7F92E-10A9-4DB0-8F8B-F359BF537C43}.Test|x86.ActiveCfg = Test|x86
		{55A7F92E-10A9-4DB0-8F8B-F359BF537C43}.Test|x86.Build.0 = Test|x86
		{D9DADF10-38EB-476C-92ED-E189D54DD9FB}.Debug|Any CPU.ActiveCfg = Debug|Any CPU
		{D9DADF10-38EB-476C-92ED-E189D54DD9FB}.Debug|Any CPU.Build.0 = Debug|Any CPU
		{D9DADF10-38EB-476C-92ED-E189D54DD9FB}.Debug|Mixed Platforms.ActiveCfg = Debug|x86
		{D9DADF10-38EB-476C-92ED-E189D54DD9FB}.Debug|Mixed Platforms.Build.0 = Debug|x86
		{D9DADF10-38EB-476C-92ED-E189D54DD9FB}.Debug|x64.ActiveCfg = Debug|x64
		{D9DADF10-38EB-476C-92ED-E189D54DD9FB}.Debug|x64.Build.0 = Debug|x64
		{D9DADF10-38EB-476C-92ED-E189D54DD9FB}.Debug|x86.ActiveCfg = Debug|x86
		{D9DADF10-38EB-476C-92ED-E189D54DD9FB}.Debug|x86.Build.0 = Debug|x86
		{D9DADF10-38EB-476C-92ED-E189D54DD9FB}.Release|Any CPU.ActiveCfg = Release|Any CPU
		{D9DADF10-38EB-476C-92ED-E189D54DD9FB}.Release|Any CPU.Build.0 = Release|Any CPU
		{D9DADF10-38EB-476C-92ED-E189D54DD9FB}.Release|Mixed Platforms.ActiveCfg = Release|x86
		{D9DADF10-38EB-476C-92ED-E189D54DD9FB}.Release|Mixed Platforms.Build.0 = Release|x86
		{D9DADF10-38EB-476C-92ED-E189D54DD9FB}.Release|x64.ActiveCfg = Release|x64
		{D9DADF10-38EB-476C-92ED-E189D54DD9FB}.Release|x64.Build.0 = Release|x64
		{D9DADF10-38EB-476C-92ED-E189D54DD9FB}.Release|x86.ActiveCfg = Release|x86
		{D9DADF10-38EB-476C-92ED-E189D54DD9FB}.Release|x86.Build.0 = Release|x86
		{D9DADF10-38EB-476C-92ED-E189D54DD9FB}.Test|Any CPU.ActiveCfg = Test|Any CPU
		{D9DADF10-38EB-476C-92ED-E189D54DD9FB}.Test|Any CPU.Build.0 = Test|Any CPU
		{D9DADF10-38EB-476C-92ED-E189D54DD9FB}.Test|Mixed Platforms.ActiveCfg = Test|x86
		{D9DADF10-38EB-476C-92ED-E189D54DD9FB}.Test|Mixed Platforms.Build.0 = Test|x86
		{D9DADF10-38EB-476C-92ED-E189D54DD9FB}.Test|x64.ActiveCfg = Test|x64
		{D9DADF10-38EB-476C-92ED-E189D54DD9FB}.Test|x64.Build.0 = Test|x64
		{D9DADF10-38EB-476C-92ED-E189D54DD9FB}.Test|x86.ActiveCfg = Test|x86
		{D9DADF10-38EB-476C-92ED-E189D54DD9FB}.Test|x86.Build.0 = Test|x86
		{9EEF11AE-5542-4AA9-8B9E-DEB90EF9E32B}.Debug|Any CPU.ActiveCfg = Debug|Any CPU
		{9EEF11AE-5542-4AA9-8B9E-DEB90EF9E32B}.Debug|Any CPU.Build.0 = Debug|Any CPU
		{9EEF11AE-5542-4AA9-8B9E-DEB90EF9E32B}.Debug|Mixed Platforms.ActiveCfg = Debug|x86
		{9EEF11AE-5542-4AA9-8B9E-DEB90EF9E32B}.Debug|Mixed Platforms.Build.0 = Debug|x86
		{9EEF11AE-5542-4AA9-8B9E-DEB90EF9E32B}.Debug|x64.ActiveCfg = Debug|x64
		{9EEF11AE-5542-4AA9-8B9E-DEB90EF9E32B}.Debug|x64.Build.0 = Debug|x64
		{9EEF11AE-5542-4AA9-8B9E-DEB90EF9E32B}.Debug|x86.ActiveCfg = Debug|x86
		{9EEF11AE-5542-4AA9-8B9E-DEB90EF9E32B}.Debug|x86.Build.0 = Debug|x86
		{9EEF11AE-5542-4AA9-8B9E-DEB90EF9E32B}.Release|Any CPU.ActiveCfg = Release|Any CPU
		{9EEF11AE-5542-4AA9-8B9E-DEB90EF9E32B}.Release|Any CPU.Build.0 = Release|Any CPU
		{9EEF11AE-5542-4AA9-8B9E-DEB90EF9E32B}.Release|Mixed Platforms.ActiveCfg = Release|x86
		{9EEF11AE-5542-4AA9-8B9E-DEB90EF9E32B}.Release|Mixed Platforms.Build.0 = Release|x86
		{9EEF11AE-5542-4AA9-8B9E-DEB90EF9E32B}.Release|x64.ActiveCfg = Release|x64
		{9EEF11AE-5542-4AA9-8B9E-DEB90EF9E32B}.Release|x64.Build.0 = Release|x64
		{9EEF11AE-5542-4AA9-8B9E-DEB90EF9E32B}.Release|x86.ActiveCfg = Release|x86
		{9EEF11AE-5542-4AA9-8B9E-DEB90EF9E32B}.Release|x86.Build.0 = Release|x86
		{9EEF11AE-5542-4AA9-8B9E-DEB90EF9E32B}.Test|Any CPU.ActiveCfg = Test|Any CPU
		{9EEF11AE-5542-4AA9-8B9E-DEB90EF9E32B}.Test|Any CPU.Build.0 = Test|Any CPU
		{9EEF11AE-5542-4AA9-8B9E-DEB90EF9E32B}.Test|Mixed Platforms.ActiveCfg = Test|x86
		{9EEF11AE-5542-4AA9-8B9E-DEB90EF9E32B}.Test|Mixed Platforms.Build.0 = Test|x86
		{9EEF11AE-5542-4AA9-8B9E-DEB90EF9E32B}.Test|x64.ActiveCfg = Test|x64
		{9EEF11AE-5542-4AA9-8B9E-DEB90EF9E32B}.Test|x64.Build.0 = Test|x64
		{9EEF11AE-5542-4AA9-8B9E-DEB90EF9E32B}.Test|x86.ActiveCfg = Test|x86
		{9EEF11AE-5542-4AA9-8B9E-DEB90EF9E32B}.Test|x86.Build.0 = Test|x86
		{A89B7CCD-B499-49D7-BCF9-ABEEF1CBE84F}.Debug|Any CPU.ActiveCfg = Debug|Any CPU
		{A89B7CCD-B499-49D7-BCF9-ABEEF1CBE84F}.Debug|Any CPU.Build.0 = Debug|Any CPU
		{A89B7CCD-B499-49D7-BCF9-ABEEF1CBE84F}.Debug|Mixed Platforms.ActiveCfg = Debug|x86
		{A89B7CCD-B499-49D7-BCF9-ABEEF1CBE84F}.Debug|Mixed Platforms.Build.0 = Debug|x86
		{A89B7CCD-B499-49D7-BCF9-ABEEF1CBE84F}.Debug|x64.ActiveCfg = Debug|x64
		{A89B7CCD-B499-49D7-BCF9-ABEEF1CBE84F}.Debug|x64.Build.0 = Debug|x64
		{A89B7CCD-B499-49D7-BCF9-ABEEF1CBE84F}.Debug|x86.ActiveCfg = Debug|x86
		{A89B7CCD-B499-49D7-BCF9-ABEEF1CBE84F}.Debug|x86.Build.0 = Debug|x86
		{A89B7CCD-B499-49D7-BCF9-ABEEF1CBE84F}.Release|Any CPU.ActiveCfg = Release|Any CPU
		{A89B7CCD-B499-49D7-BCF9-ABEEF1CBE84F}.Release|Any CPU.Build.0 = Release|Any CPU
		{A89B7CCD-B499-49D7-BCF9-ABEEF1CBE84F}.Release|Mixed Platforms.ActiveCfg = Release|x86
		{A89B7CCD-B499-49D7-BCF9-ABEEF1CBE84F}.Release|Mixed Platforms.Build.0 = Release|x86
		{A89B7CCD-B499-49D7-BCF9-ABEEF1CBE84F}.Release|x64.ActiveCfg = Release|x64
		{A89B7CCD-B499-49D7-BCF9-ABEEF1CBE84F}.Release|x64.Build.0 = Release|x64
		{A89B7CCD-B499-49D7-BCF9-ABEEF1CBE84F}.Release|x86.ActiveCfg = Release|x86
		{A89B7CCD-B499-49D7-BCF9-ABEEF1CBE84F}.Release|x86.Build.0 = Release|x86
		{A89B7CCD-B499-49D7-BCF9-ABEEF1CBE84F}.Test|Any CPU.ActiveCfg = Test|Any CPU
		{A89B7CCD-B499-49D7-BCF9-ABEEF1CBE84F}.Test|Any CPU.Build.0 = Test|Any CPU
		{A89B7CCD-B499-49D7-BCF9-ABEEF1CBE84F}.Test|Mixed Platforms.ActiveCfg = Test|x86
		{A89B7CCD-B499-49D7-BCF9-ABEEF1CBE84F}.Test|Mixed Platforms.Build.0 = Test|x86
		{A89B7CCD-B499-49D7-BCF9-ABEEF1CBE84F}.Test|x64.ActiveCfg = Test|x64
		{A89B7CCD-B499-49D7-BCF9-ABEEF1CBE84F}.Test|x64.Build.0 = Test|x64
		{A89B7CCD-B499-49D7-BCF9-ABEEF1CBE84F}.Test|x86.ActiveCfg = Test|x86
		{A89B7CCD-B499-49D7-BCF9-ABEEF1CBE84F}.Test|x86.Build.0 = Test|x86
		{66FD1243-D292-4CAA-A6F7-B80FCD15D141}.Debug|Any CPU.ActiveCfg = Debug|Any CPU
		{66FD1243-D292-4CAA-A6F7-B80FCD15D141}.Debug|Any CPU.Build.0 = Debug|Any CPU
		{66FD1243-D292-4CAA-A6F7-B80FCD15D141}.Debug|Mixed Platforms.ActiveCfg = Debug|x86
		{66FD1243-D292-4CAA-A6F7-B80FCD15D141}.Debug|Mixed Platforms.Build.0 = Debug|x86
		{66FD1243-D292-4CAA-A6F7-B80FCD15D141}.Debug|x64.ActiveCfg = Debug|x64
		{66FD1243-D292-4CAA-A6F7-B80FCD15D141}.Debug|x64.Build.0 = Debug|x64
		{66FD1243-D292-4CAA-A6F7-B80FCD15D141}.Debug|x86.ActiveCfg = Debug|x86
		{66FD1243-D292-4CAA-A6F7-B80FCD15D141}.Debug|x86.Build.0 = Debug|x86
		{66FD1243-D292-4CAA-A6F7-B80FCD15D141}.Release|Any CPU.ActiveCfg = Release|Any CPU
		{66FD1243-D292-4CAA-A6F7-B80FCD15D141}.Release|Any CPU.Build.0 = Release|Any CPU
		{66FD1243-D292-4CAA-A6F7-B80FCD15D141}.Release|Mixed Platforms.ActiveCfg = Release|x86
		{66FD1243-D292-4CAA-A6F7-B80FCD15D141}.Release|Mixed Platforms.Build.0 = Release|x86
		{66FD1243-D292-4CAA-A6F7-B80FCD15D141}.Release|x64.ActiveCfg = Release|x64
		{66FD1243-D292-4CAA-A6F7-B80FCD15D141}.Release|x64.Build.0 = Release|x64
		{66FD1243-D292-4CAA-A6F7-B80FCD15D141}.Release|x86.ActiveCfg = Release|x86
		{66FD1243-D292-4CAA-A6F7-B80FCD15D141}.Release|x86.Build.0 = Release|x86
		{66FD1243-D292-4CAA-A6F7-B80FCD15D141}.Test|Any CPU.ActiveCfg = Test|Any CPU
		{66FD1243-D292-4CAA-A6F7-B80FCD15D141}.Test|Any CPU.Build.0 = Test|Any CPU
		{66FD1243-D292-4CAA-A6F7-B80FCD15D141}.Test|Mixed Platforms.ActiveCfg = Test|x86
		{66FD1243-D292-4CAA-A6F7-B80FCD15D141}.Test|Mixed Platforms.Build.0 = Test|x86
		{66FD1243-D292-4CAA-A6F7-B80FCD15D141}.Test|x64.ActiveCfg = Test|x64
		{66FD1243-D292-4CAA-A6F7-B80FCD15D141}.Test|x64.Build.0 = Test|x64
		{66FD1243-D292-4CAA-A6F7-B80FCD15D141}.Test|x86.ActiveCfg = Test|x86
		{66FD1243-D292-4CAA-A6F7-B80FCD15D141}.Test|x86.Build.0 = Test|x86
		{2C587F3E-8BDC-411F-AA93-13E781A33CE5}.Debug|Any CPU.ActiveCfg = Debug|Any CPU
		{2C587F3E-8BDC-411F-AA93-13E781A33CE5}.Debug|Any CPU.Build.0 = Debug|Any CPU
		{2C587F3E-8BDC-411F-AA93-13E781A33CE5}.Debug|Mixed Platforms.ActiveCfg = Debug|x86
		{2C587F3E-8BDC-411F-AA93-13E781A33CE5}.Debug|Mixed Platforms.Build.0 = Debug|x86
		{2C587F3E-8BDC-411F-AA93-13E781A33CE5}.Debug|x64.ActiveCfg = Debug|x64
		{2C587F3E-8BDC-411F-AA93-13E781A33CE5}.Debug|x64.Build.0 = Debug|x64
		{2C587F3E-8BDC-411F-AA93-13E781A33CE5}.Debug|x86.ActiveCfg = Debug|x86
		{2C587F3E-8BDC-411F-AA93-13E781A33CE5}.Debug|x86.Build.0 = Debug|x86
		{2C587F3E-8BDC-411F-AA93-13E781A33CE5}.Release|Any CPU.ActiveCfg = Release|Any CPU
		{2C587F3E-8BDC-411F-AA93-13E781A33CE5}.Release|Any CPU.Build.0 = Release|Any CPU
		{2C587F3E-8BDC-411F-AA93-13E781A33CE5}.Release|Mixed Platforms.ActiveCfg = Release|x86
		{2C587F3E-8BDC-411F-AA93-13E781A33CE5}.Release|Mixed Platforms.Build.0 = Release|x86
		{2C587F3E-8BDC-411F-AA93-13E781A33CE5}.Release|x64.ActiveCfg = Release|x64
		{2C587F3E-8BDC-411F-AA93-13E781A33CE5}.Release|x64.Build.0 = Release|x64
		{2C587F3E-8BDC-411F-AA93-13E781A33CE5}.Release|x86.ActiveCfg = Release|x86
		{2C587F3E-8BDC-411F-AA93-13E781A33CE5}.Release|x86.Build.0 = Release|x86
		{2C587F3E-8BDC-411F-AA93-13E781A33CE5}.Test|Any CPU.ActiveCfg = Test|Any CPU
		{2C587F3E-8BDC-411F-AA93-13E781A33CE5}.Test|Any CPU.Build.0 = Test|Any CPU
		{2C587F3E-8BDC-411F-AA93-13E781A33CE5}.Test|Mixed Platforms.ActiveCfg = Test|x86
		{2C587F3E-8BDC-411F-AA93-13E781A33CE5}.Test|Mixed Platforms.Build.0 = Test|x86
		{2C587F3E-8BDC-411F-AA93-13E781A33CE5}.Test|x64.ActiveCfg = Test|x64
		{2C587F3E-8BDC-411F-AA93-13E781A33CE5}.Test|x64.Build.0 = Test|x64
		{2C587F3E-8BDC-411F-AA93-13E781A33CE5}.Test|x86.ActiveCfg = Test|x86
		{2C587F3E-8BDC-411F-AA93-13E781A33CE5}.Test|x86.Build.0 = Test|x86
		{3BB9E501-1901-4180-B9D7-04AE4F913C99}.Debug|Any CPU.ActiveCfg = Debug|Any CPU
		{3BB9E501-1901-4180-B9D7-04AE4F913C99}.Debug|Any CPU.Build.0 = Debug|Any CPU
		{3BB9E501-1901-4180-B9D7-04AE4F913C99}.Debug|Mixed Platforms.ActiveCfg = Debug|x86
		{3BB9E501-1901-4180-B9D7-04AE4F913C99}.Debug|Mixed Platforms.Build.0 = Debug|x86
		{3BB9E501-1901-4180-B9D7-04AE4F913C99}.Debug|x64.ActiveCfg = Debug|x64
		{3BB9E501-1901-4180-B9D7-04AE4F913C99}.Debug|x64.Build.0 = Debug|x64
		{3BB9E501-1901-4180-B9D7-04AE4F913C99}.Debug|x86.ActiveCfg = Debug|x86
		{3BB9E501-1901-4180-B9D7-04AE4F913C99}.Debug|x86.Build.0 = Debug|x86
		{3BB9E501-1901-4180-B9D7-04AE4F913C99}.Release|Any CPU.ActiveCfg = Release|Any CPU
		{3BB9E501-1901-4180-B9D7-04AE4F913C99}.Release|Any CPU.Build.0 = Release|Any CPU
		{3BB9E501-1901-4180-B9D7-04AE4F913C99}.Release|Mixed Platforms.ActiveCfg = Release|x86
		{3BB9E501-1901-4180-B9D7-04AE4F913C99}.Release|Mixed Platforms.Build.0 = Release|x86
		{3BB9E501-1901-4180-B9D7-04AE4F913C99}.Release|x64.ActiveCfg = Release|x64
		{3BB9E501-1901-4180-B9D7-04AE4F913C99}.Release|x64.Build.0 = Release|x64
		{3BB9E501-1901-4180-B9D7-04AE4F913C99}.Release|x86.ActiveCfg = Release|x86
		{3BB9E501-1901-4180-B9D7-04AE4F913C99}.Release|x86.Build.0 = Release|x86
		{3BB9E501-1901-4180-B9D7-04AE4F913C99}.Test|Any CPU.ActiveCfg = Test|Any CPU
		{3BB9E501-1901-4180-B9D7-04AE4F913C99}.Test|Any CPU.Build.0 = Test|Any CPU
		{3BB9E501-1901-4180-B9D7-04AE4F913C99}.Test|Mixed Platforms.ActiveCfg = Test|x86
		{3BB9E501-1901-4180-B9D7-04AE4F913C99}.Test|Mixed Platforms.Build.0 = Test|x86
		{3BB9E501-1901-4180-B9D7-04AE4F913C99}.Test|x64.ActiveCfg = Test|x64
		{3BB9E501-1901-4180-B9D7-04AE4F913C99}.Test|x64.Build.0 = Test|x64
		{3BB9E501-1901-4180-B9D7-04AE4F913C99}.Test|x86.ActiveCfg = Test|x86
		{3BB9E501-1901-4180-B9D7-04AE4F913C99}.Test|x86.Build.0 = Test|x86
		{F3B664B3-A1D8-446B-8D34-D11F133F6EE0}.Debug|Any CPU.ActiveCfg = Debug|Any CPU
		{F3B664B3-A1D8-446B-8D34-D11F133F6EE0}.Debug|Any CPU.Build.0 = Debug|Any CPU
		{F3B664B3-A1D8-446B-8D34-D11F133F6EE0}.Debug|Mixed Platforms.ActiveCfg = Debug|x86
		{F3B664B3-A1D8-446B-8D34-D11F133F6EE0}.Debug|Mixed Platforms.Build.0 = Debug|x86
		{F3B664B3-A1D8-446B-8D34-D11F133F6EE0}.Debug|x64.ActiveCfg = Debug|x64
		{F3B664B3-A1D8-446B-8D34-D11F133F6EE0}.Debug|x64.Build.0 = Debug|x64
		{F3B664B3-A1D8-446B-8D34-D11F133F6EE0}.Debug|x86.ActiveCfg = Debug|x86
		{F3B664B3-A1D8-446B-8D34-D11F133F6EE0}.Debug|x86.Build.0 = Debug|x86
		{F3B664B3-A1D8-446B-8D34-D11F133F6EE0}.Release|Any CPU.ActiveCfg = Release|Any CPU
		{F3B664B3-A1D8-446B-8D34-D11F133F6EE0}.Release|Any CPU.Build.0 = Release|Any CPU
		{F3B664B3-A1D8-446B-8D34-D11F133F6EE0}.Release|Mixed Platforms.ActiveCfg = Release|x86
		{F3B664B3-A1D8-446B-8D34-D11F133F6EE0}.Release|Mixed Platforms.Build.0 = Release|x86
		{F3B664B3-A1D8-446B-8D34-D11F133F6EE0}.Release|x64.ActiveCfg = Release|x64
		{F3B664B3-A1D8-446B-8D34-D11F133F6EE0}.Release|x64.Build.0 = Release|x64
		{F3B664B3-A1D8-446B-8D34-D11F133F6EE0}.Release|x86.ActiveCfg = Release|x86
		{F3B664B3-A1D8-446B-8D34-D11F133F6EE0}.Release|x86.Build.0 = Release|x86
		{F3B664B3-A1D8-446B-8D34-D11F133F6EE0}.Test|Any CPU.ActiveCfg = Release|Any CPU
		{F3B664B3-A1D8-446B-8D34-D11F133F6EE0}.Test|Any CPU.Build.0 = Release|Any CPU
		{F3B664B3-A1D8-446B-8D34-D11F133F6EE0}.Test|Mixed Platforms.ActiveCfg = Release|x86
		{F3B664B3-A1D8-446B-8D34-D11F133F6EE0}.Test|Mixed Platforms.Build.0 = Release|x86
		{F3B664B3-A1D8-446B-8D34-D11F133F6EE0}.Test|x64.ActiveCfg = Release|x64
		{F3B664B3-A1D8-446B-8D34-D11F133F6EE0}.Test|x64.Build.0 = Release|x64
		{F3B664B3-A1D8-446B-8D34-D11F133F6EE0}.Test|x86.ActiveCfg = Release|x86
		{F3B664B3-A1D8-446B-8D34-D11F133F6EE0}.Test|x86.Build.0 = Release|x86
		{C604E960-EDD4-494C-9B48-CEF9AEE3B3C7}.Debug|Any CPU.ActiveCfg = Debug|Any CPU
		{C604E960-EDD4-494C-9B48-CEF9AEE3B3C7}.Debug|Any CPU.Build.0 = Debug|Any CPU
		{C604E960-EDD4-494C-9B48-CEF9AEE3B3C7}.Debug|Mixed Platforms.ActiveCfg = Debug|x86
		{C604E960-EDD4-494C-9B48-CEF9AEE3B3C7}.Debug|Mixed Platforms.Build.0 = Debug|x86
		{C604E960-EDD4-494C-9B48-CEF9AEE3B3C7}.Debug|x64.ActiveCfg = Debug|x64
		{C604E960-EDD4-494C-9B48-CEF9AEE3B3C7}.Debug|x64.Build.0 = Debug|x64
		{C604E960-EDD4-494C-9B48-CEF9AEE3B3C7}.Debug|x86.ActiveCfg = Debug|x86
		{C604E960-EDD4-494C-9B48-CEF9AEE3B3C7}.Debug|x86.Build.0 = Debug|x86
		{C604E960-EDD4-494C-9B48-CEF9AEE3B3C7}.Release|Any CPU.ActiveCfg = Release|Any CPU
		{C604E960-EDD4-494C-9B48-CEF9AEE3B3C7}.Release|Any CPU.Build.0 = Release|Any CPU
		{C604E960-EDD4-494C-9B48-CEF9AEE3B3C7}.Release|Mixed Platforms.ActiveCfg = Release|x86
		{C604E960-EDD4-494C-9B48-CEF9AEE3B3C7}.Release|Mixed Platforms.Build.0 = Release|x86
		{C604E960-EDD4-494C-9B48-CEF9AEE3B3C7}.Release|x64.ActiveCfg = Release|x64
		{C604E960-EDD4-494C-9B48-CEF9AEE3B3C7}.Release|x64.Build.0 = Release|x64
		{C604E960-EDD4-494C-9B48-CEF9AEE3B3C7}.Release|x86.ActiveCfg = Release|x86
		{C604E960-EDD4-494C-9B48-CEF9AEE3B3C7}.Release|x86.Build.0 = Release|x86
		{C604E960-EDD4-494C-9B48-CEF9AEE3B3C7}.Test|Any CPU.ActiveCfg = Release|Any CPU
		{C604E960-EDD4-494C-9B48-CEF9AEE3B3C7}.Test|Any CPU.Build.0 = Release|Any CPU
		{C604E960-EDD4-494C-9B48-CEF9AEE3B3C7}.Test|Mixed Platforms.ActiveCfg = Release|x86
		{C604E960-EDD4-494C-9B48-CEF9AEE3B3C7}.Test|Mixed Platforms.Build.0 = Release|x86
		{C604E960-EDD4-494C-9B48-CEF9AEE3B3C7}.Test|x64.ActiveCfg = Release|x64
		{C604E960-EDD4-494C-9B48-CEF9AEE3B3C7}.Test|x64.Build.0 = Release|x64
		{C604E960-EDD4-494C-9B48-CEF9AEE3B3C7}.Test|x86.ActiveCfg = Release|x86
		{C604E960-EDD4-494C-9B48-CEF9AEE3B3C7}.Test|x86.Build.0 = Release|x86
		{969DEB9C-5400-45EF-8C62-4DCAA4FC0CB5}.Debug|Any CPU.ActiveCfg = Debug|Any CPU
		{969DEB9C-5400-45EF-8C62-4DCAA4FC0CB5}.Debug|Any CPU.Build.0 = Debug|Any CPU
		{969DEB9C-5400-45EF-8C62-4DCAA4FC0CB5}.Debug|Mixed Platforms.ActiveCfg = Debug|x86
		{969DEB9C-5400-45EF-8C62-4DCAA4FC0CB5}.Debug|Mixed Platforms.Build.0 = Debug|x86
		{969DEB9C-5400-45EF-8C62-4DCAA4FC0CB5}.Debug|x64.ActiveCfg = Debug|x64
		{969DEB9C-5400-45EF-8C62-4DCAA4FC0CB5}.Debug|x64.Build.0 = Debug|x64
		{969DEB9C-5400-45EF-8C62-4DCAA4FC0CB5}.Debug|x86.ActiveCfg = Debug|x86
		{969DEB9C-5400-45EF-8C62-4DCAA4FC0CB5}.Debug|x86.Build.0 = Debug|x86
		{969DEB9C-5400-45EF-8C62-4DCAA4FC0CB5}.Release|Any CPU.ActiveCfg = Release|Any CPU
		{969DEB9C-5400-45EF-8C62-4DCAA4FC0CB5}.Release|Any CPU.Build.0 = Release|Any CPU
		{969DEB9C-5400-45EF-8C62-4DCAA4FC0CB5}.Release|Mixed Platforms.ActiveCfg = Release|x86
		{969DEB9C-5400-45EF-8C62-4DCAA4FC0CB5}.Release|Mixed Platforms.Build.0 = Release|x86
		{969DEB9C-5400-45EF-8C62-4DCAA4FC0CB5}.Release|x64.ActiveCfg = Release|x64
		{969DEB9C-5400-45EF-8C62-4DCAA4FC0CB5}.Release|x64.Build.0 = Release|x64
		{969DEB9C-5400-45EF-8C62-4DCAA4FC0CB5}.Release|x86.ActiveCfg = Release|x86
		{969DEB9C-5400-45EF-8C62-4DCAA4FC0CB5}.Release|x86.Build.0 = Release|x86
		{969DEB9C-5400-45EF-8C62-4DCAA4FC0CB5}.Test|Any CPU.ActiveCfg = Test|Any CPU
		{969DEB9C-5400-45EF-8C62-4DCAA4FC0CB5}.Test|Any CPU.Build.0 = Test|Any CPU
		{969DEB9C-5400-45EF-8C62-4DCAA4FC0CB5}.Test|Mixed Platforms.ActiveCfg = Test|x86
		{969DEB9C-5400-45EF-8C62-4DCAA4FC0CB5}.Test|Mixed Platforms.Build.0 = Test|x86
		{969DEB9C-5400-45EF-8C62-4DCAA4FC0CB5}.Test|x64.ActiveCfg = Test|x64
		{969DEB9C-5400-45EF-8C62-4DCAA4FC0CB5}.Test|x64.Build.0 = Test|x64
		{969DEB9C-5400-45EF-8C62-4DCAA4FC0CB5}.Test|x86.ActiveCfg = Test|x86
		{969DEB9C-5400-45EF-8C62-4DCAA4FC0CB5}.Test|x86.Build.0 = Test|x86
		{0C235C9C-4FD8-49FA-91E3-02064C570641}.Debug|Any CPU.ActiveCfg = Debug|Any CPU
		{0C235C9C-4FD8-49FA-91E3-02064C570641}.Debug|Any CPU.Build.0 = Debug|Any CPU
		{0C235C9C-4FD8-49FA-91E3-02064C570641}.Debug|Mixed Platforms.ActiveCfg = Debug|x86
		{0C235C9C-4FD8-49FA-91E3-02064C570641}.Debug|Mixed Platforms.Build.0 = Debug|x86
		{0C235C9C-4FD8-49FA-91E3-02064C570641}.Debug|x64.ActiveCfg = Debug|Any CPU
		{0C235C9C-4FD8-49FA-91E3-02064C570641}.Debug|x86.ActiveCfg = Debug|x86
		{0C235C9C-4FD8-49FA-91E3-02064C570641}.Debug|x86.Build.0 = Debug|x86
		{0C235C9C-4FD8-49FA-91E3-02064C570641}.Release|Any CPU.ActiveCfg = Release|Any CPU
		{0C235C9C-4FD8-49FA-91E3-02064C570641}.Release|Any CPU.Build.0 = Release|Any CPU
		{0C235C9C-4FD8-49FA-91E3-02064C570641}.Release|Mixed Platforms.ActiveCfg = Release|x86
		{0C235C9C-4FD8-49FA-91E3-02064C570641}.Release|Mixed Platforms.Build.0 = Release|x86
		{0C235C9C-4FD8-49FA-91E3-02064C570641}.Release|x64.ActiveCfg = Release|Any CPU
		{0C235C9C-4FD8-49FA-91E3-02064C570641}.Release|x86.ActiveCfg = Release|x86
		{0C235C9C-4FD8-49FA-91E3-02064C570641}.Release|x86.Build.0 = Release|x86
		{0C235C9C-4FD8-49FA-91E3-02064C570641}.Test|Any CPU.ActiveCfg = Release|Any CPU
		{0C235C9C-4FD8-49FA-91E3-02064C570641}.Test|Any CPU.Build.0 = Release|Any CPU
		{0C235C9C-4FD8-49FA-91E3-02064C570641}.Test|Mixed Platforms.ActiveCfg = Release|x86
		{0C235C9C-4FD8-49FA-91E3-02064C570641}.Test|Mixed Platforms.Build.0 = Release|x86
		{0C235C9C-4FD8-49FA-91E3-02064C570641}.Test|x64.ActiveCfg = Release|Any CPU
		{0C235C9C-4FD8-49FA-91E3-02064C570641}.Test|x86.ActiveCfg = Release|Any CPU
		{49755D25-4FE2-4A69-8887-37DBEABEE2D1}.Debug|Any CPU.ActiveCfg = Debug|Any CPU
		{49755D25-4FE2-4A69-8887-37DBEABEE2D1}.Debug|Any CPU.Build.0 = Debug|Any CPU
		{49755D25-4FE2-4A69-8887-37DBEABEE2D1}.Debug|Mixed Platforms.ActiveCfg = Debug|x86
		{49755D25-4FE2-4A69-8887-37DBEABEE2D1}.Debug|Mixed Platforms.Build.0 = Debug|x86
		{49755D25-4FE2-4A69-8887-37DBEABEE2D1}.Debug|x64.ActiveCfg = Debug|x86
		{49755D25-4FE2-4A69-8887-37DBEABEE2D1}.Debug|x86.ActiveCfg = Debug|x86
		{49755D25-4FE2-4A69-8887-37DBEABEE2D1}.Debug|x86.Build.0 = Debug|x86
		{49755D25-4FE2-4A69-8887-37DBEABEE2D1}.Release|Any CPU.ActiveCfg = Release|Any CPU
		{49755D25-4FE2-4A69-8887-37DBEABEE2D1}.Release|Mixed Platforms.ActiveCfg = Release|x86
		{49755D25-4FE2-4A69-8887-37DBEABEE2D1}.Release|Mixed Platforms.Build.0 = Release|x86
		{49755D25-4FE2-4A69-8887-37DBEABEE2D1}.Release|x64.ActiveCfg = Release|x86
		{49755D25-4FE2-4A69-8887-37DBEABEE2D1}.Release|x86.ActiveCfg = Release|x86
		{49755D25-4FE2-4A69-8887-37DBEABEE2D1}.Release|x86.Build.0 = Release|x86
		{49755D25-4FE2-4A69-8887-37DBEABEE2D1}.Test|Any CPU.ActiveCfg = Release|x86
		{49755D25-4FE2-4A69-8887-37DBEABEE2D1}.Test|Mixed Platforms.ActiveCfg = Release|x86
		{49755D25-4FE2-4A69-8887-37DBEABEE2D1}.Test|Mixed Platforms.Build.0 = Release|x86
		{49755D25-4FE2-4A69-8887-37DBEABEE2D1}.Test|x64.ActiveCfg = Release|x86
		{49755D25-4FE2-4A69-8887-37DBEABEE2D1}.Test|x86.ActiveCfg = Release|x86
		{5172A3B6-B092-4293-AFA8-74F1778834DA}.Debug|Any CPU.ActiveCfg = Debug|Any CPU
		{5172A3B6-B092-4293-AFA8-74F1778834DA}.Debug|Any CPU.Build.0 = Debug|Any CPU
		{5172A3B6-B092-4293-AFA8-74F1778834DA}.Debug|Mixed Platforms.ActiveCfg = Debug|x86
		{5172A3B6-B092-4293-AFA8-74F1778834DA}.Debug|Mixed Platforms.Build.0 = Debug|x86
		{5172A3B6-B092-4293-AFA8-74F1778834DA}.Debug|x64.ActiveCfg = Debug|Any CPU
		{5172A3B6-B092-4293-AFA8-74F1778834DA}.Debug|x86.ActiveCfg = Debug|x86
		{5172A3B6-B092-4293-AFA8-74F1778834DA}.Debug|x86.Build.0 = Debug|x86
		{5172A3B6-B092-4293-AFA8-74F1778834DA}.Release|Any CPU.ActiveCfg = Release|Any CPU
		{5172A3B6-B092-4293-AFA8-74F1778834DA}.Release|Any CPU.Build.0 = Release|Any CPU
		{5172A3B6-B092-4293-AFA8-74F1778834DA}.Release|Mixed Platforms.ActiveCfg = Release|x86
		{5172A3B6-B092-4293-AFA8-74F1778834DA}.Release|Mixed Platforms.Build.0 = Release|x86
		{5172A3B6-B092-4293-AFA8-74F1778834DA}.Release|x64.ActiveCfg = Release|Any CPU
		{5172A3B6-B092-4293-AFA8-74F1778834DA}.Release|x86.ActiveCfg = Release|x86
		{5172A3B6-B092-4293-AFA8-74F1778834DA}.Release|x86.Build.0 = Release|x86
		{5172A3B6-B092-4293-AFA8-74F1778834DA}.Test|Any CPU.ActiveCfg = Release|Any CPU
		{5172A3B6-B092-4293-AFA8-74F1778834DA}.Test|Any CPU.Build.0 = Release|Any CPU
		{5172A3B6-B092-4293-AFA8-74F1778834DA}.Test|Mixed Platforms.ActiveCfg = Release|x86
		{5172A3B6-B092-4293-AFA8-74F1778834DA}.Test|Mixed Platforms.Build.0 = Release|x86
		{5172A3B6-B092-4293-AFA8-74F1778834DA}.Test|x64.ActiveCfg = Release|Any CPU
		{5172A3B6-B092-4293-AFA8-74F1778834DA}.Test|x86.ActiveCfg = Release|Any CPU
		{5172A3B6-B092-4293-AFA8-74F1778834DA}.Test|x86.Build.0 = Release|Any CPU
		{CF3F514D-E284-41F0-BDB5-469E0520D621}.Debug|Any CPU.ActiveCfg = Debug|Any CPU
		{CF3F514D-E284-41F0-BDB5-469E0520D621}.Debug|Any CPU.Build.0 = Debug|Any CPU
		{CF3F514D-E284-41F0-BDB5-469E0520D621}.Debug|Mixed Platforms.ActiveCfg = Debug|x86
		{CF3F514D-E284-41F0-BDB5-469E0520D621}.Debug|Mixed Platforms.Build.0 = Debug|x86
		{CF3F514D-E284-41F0-BDB5-469E0520D621}.Debug|x64.ActiveCfg = Debug|Any CPU
		{CF3F514D-E284-41F0-BDB5-469E0520D621}.Debug|x86.ActiveCfg = Debug|x86
		{CF3F514D-E284-41F0-BDB5-469E0520D621}.Debug|x86.Build.0 = Debug|x86
		{CF3F514D-E284-41F0-BDB5-469E0520D621}.Release|Any CPU.ActiveCfg = Release|Any CPU
		{CF3F514D-E284-41F0-BDB5-469E0520D621}.Release|Any CPU.Build.0 = Release|Any CPU
		{CF3F514D-E284-41F0-BDB5-469E0520D621}.Release|Mixed Platforms.ActiveCfg = Release|x86
		{CF3F514D-E284-41F0-BDB5-469E0520D621}.Release|Mixed Platforms.Build.0 = Release|x86
		{CF3F514D-E284-41F0-BDB5-469E0520D621}.Release|x64.ActiveCfg = Release|Any CPU
		{CF3F514D-E284-41F0-BDB5-469E0520D621}.Release|x86.ActiveCfg = Release|x86
		{CF3F514D-E284-41F0-BDB5-469E0520D621}.Release|x86.Build.0 = Release|x86
		{CF3F514D-E284-41F0-BDB5-469E0520D621}.Test|Any CPU.ActiveCfg = Release|Any CPU
		{CF3F514D-E284-41F0-BDB5-469E0520D621}.Test|Any CPU.Build.0 = Release|Any CPU
		{CF3F514D-E284-41F0-BDB5-469E0520D621}.Test|Mixed Platforms.ActiveCfg = Release|x86
		{CF3F514D-E284-41F0-BDB5-469E0520D621}.Test|Mixed Platforms.Build.0 = Release|x86
		{CF3F514D-E284-41F0-BDB5-469E0520D621}.Test|x64.ActiveCfg = Release|Any CPU
		{CF3F514D-E284-41F0-BDB5-469E0520D621}.Test|x86.ActiveCfg = Release|Any CPU
		{6B4A997F-4EE4-4AAB-8512-D2F988113880}.Debug|Any CPU.ActiveCfg = Debug|Any CPU
		{6B4A997F-4EE4-4AAB-8512-D2F988113880}.Debug|Any CPU.Build.0 = Debug|Any CPU
		{6B4A997F-4EE4-4AAB-8512-D2F988113880}.Debug|Mixed Platforms.ActiveCfg = Debug|x86
		{6B4A997F-4EE4-4AAB-8512-D2F988113880}.Debug|Mixed Platforms.Build.0 = Debug|x86
		{6B4A997F-4EE4-4AAB-8512-D2F988113880}.Debug|x64.ActiveCfg = Debug|Any CPU
		{6B4A997F-4EE4-4AAB-8512-D2F988113880}.Debug|x86.ActiveCfg = Debug|x86
		{6B4A997F-4EE4-4AAB-8512-D2F988113880}.Debug|x86.Build.0 = Debug|x86
		{6B4A997F-4EE4-4AAB-8512-D2F988113880}.Release|Any CPU.ActiveCfg = Release|Any CPU
		{6B4A997F-4EE4-4AAB-8512-D2F988113880}.Release|Any CPU.Build.0 = Release|Any CPU
		{6B4A997F-4EE4-4AAB-8512-D2F988113880}.Release|Mixed Platforms.ActiveCfg = Release|x86
		{6B4A997F-4EE4-4AAB-8512-D2F988113880}.Release|Mixed Platforms.Build.0 = Release|x86
		{6B4A997F-4EE4-4AAB-8512-D2F988113880}.Release|x64.ActiveCfg = Release|Any CPU
		{6B4A997F-4EE4-4AAB-8512-D2F988113880}.Release|x86.ActiveCfg = Release|x86
		{6B4A997F-4EE4-4AAB-8512-D2F988113880}.Release|x86.Build.0 = Release|x86
		{6B4A997F-4EE4-4AAB-8512-D2F988113880}.Test|Any CPU.ActiveCfg = Release|Any CPU
		{6B4A997F-4EE4-4AAB-8512-D2F988113880}.Test|Any CPU.Build.0 = Release|Any CPU
		{6B4A997F-4EE4-4AAB-8512-D2F988113880}.Test|Mixed Platforms.ActiveCfg = Release|x86
		{6B4A997F-4EE4-4AAB-8512-D2F988113880}.Test|Mixed Platforms.Build.0 = Release|x86
		{6B4A997F-4EE4-4AAB-8512-D2F988113880}.Test|x64.ActiveCfg = Release|Any CPU
		{6B4A997F-4EE4-4AAB-8512-D2F988113880}.Test|x86.ActiveCfg = Release|Any CPU
		{04BC8C89-BC20-4EB7-8EAD-81E22286F808}.Debug|Any CPU.ActiveCfg = Debug|Any CPU
		{04BC8C89-BC20-4EB7-8EAD-81E22286F808}.Debug|Any CPU.Build.0 = Debug|Any CPU
		{04BC8C89-BC20-4EB7-8EAD-81E22286F808}.Debug|Mixed Platforms.ActiveCfg = Debug|x86
		{04BC8C89-BC20-4EB7-8EAD-81E22286F808}.Debug|Mixed Platforms.Build.0 = Debug|x86
		{04BC8C89-BC20-4EB7-8EAD-81E22286F808}.Debug|x64.ActiveCfg = Debug|x64
		{04BC8C89-BC20-4EB7-8EAD-81E22286F808}.Debug|x64.Build.0 = Debug|x64
		{04BC8C89-BC20-4EB7-8EAD-81E22286F808}.Debug|x86.ActiveCfg = Debug|x86
		{04BC8C89-BC20-4EB7-8EAD-81E22286F808}.Debug|x86.Build.0 = Debug|x86
		{04BC8C89-BC20-4EB7-8EAD-81E22286F808}.Release|Any CPU.ActiveCfg = Release|Any CPU
		{04BC8C89-BC20-4EB7-8EAD-81E22286F808}.Release|Any CPU.Build.0 = Release|Any CPU
		{04BC8C89-BC20-4EB7-8EAD-81E22286F808}.Release|Mixed Platforms.ActiveCfg = Release|x86
		{04BC8C89-BC20-4EB7-8EAD-81E22286F808}.Release|Mixed Platforms.Build.0 = Release|x86
		{04BC8C89-BC20-4EB7-8EAD-81E22286F808}.Release|x64.ActiveCfg = Release|x64
		{04BC8C89-BC20-4EB7-8EAD-81E22286F808}.Release|x64.Build.0 = Release|x64
		{04BC8C89-BC20-4EB7-8EAD-81E22286F808}.Release|x86.ActiveCfg = Release|x86
		{04BC8C89-BC20-4EB7-8EAD-81E22286F808}.Release|x86.Build.0 = Release|x86
		{04BC8C89-BC20-4EB7-8EAD-81E22286F808}.Test|Any CPU.ActiveCfg = Test|Any CPU
		{04BC8C89-BC20-4EB7-8EAD-81E22286F808}.Test|Any CPU.Build.0 = Test|Any CPU
		{04BC8C89-BC20-4EB7-8EAD-81E22286F808}.Test|Mixed Platforms.ActiveCfg = Test|x86
		{04BC8C89-BC20-4EB7-8EAD-81E22286F808}.Test|Mixed Platforms.Build.0 = Test|x86
		{04BC8C89-BC20-4EB7-8EAD-81E22286F808}.Test|x64.ActiveCfg = Test|x64
		{04BC8C89-BC20-4EB7-8EAD-81E22286F808}.Test|x64.Build.0 = Test|x64
		{04BC8C89-BC20-4EB7-8EAD-81E22286F808}.Test|x86.ActiveCfg = Test|x86
		{04BC8C89-BC20-4EB7-8EAD-81E22286F808}.Test|x86.Build.0 = Test|x86
		{71B1D753-53A8-4635-A564-24EA70B4FA0B}.Debug|Any CPU.ActiveCfg = Debug|Any CPU
		{71B1D753-53A8-4635-A564-24EA70B4FA0B}.Debug|Any CPU.Build.0 = Debug|Any CPU
		{71B1D753-53A8-4635-A564-24EA70B4FA0B}.Debug|Mixed Platforms.ActiveCfg = Debug|x86
		{71B1D753-53A8-4635-A564-24EA70B4FA0B}.Debug|Mixed Platforms.Build.0 = Debug|x86
		{71B1D753-53A8-4635-A564-24EA70B4FA0B}.Debug|x64.ActiveCfg = Debug|Any CPU
		{71B1D753-53A8-4635-A564-24EA70B4FA0B}.Debug|x86.ActiveCfg = Debug|x86
		{71B1D753-53A8-4635-A564-24EA70B4FA0B}.Debug|x86.Build.0 = Debug|x86
		{71B1D753-53A8-4635-A564-24EA70B4FA0B}.Release|Any CPU.ActiveCfg = Release|Any CPU
		{71B1D753-53A8-4635-A564-24EA70B4FA0B}.Release|Any CPU.Build.0 = Release|Any CPU
		{71B1D753-53A8-4635-A564-24EA70B4FA0B}.Release|Mixed Platforms.ActiveCfg = Release|x86
		{71B1D753-53A8-4635-A564-24EA70B4FA0B}.Release|Mixed Platforms.Build.0 = Release|x86
		{71B1D753-53A8-4635-A564-24EA70B4FA0B}.Release|x64.ActiveCfg = Release|Any CPU
		{71B1D753-53A8-4635-A564-24EA70B4FA0B}.Release|x86.ActiveCfg = Release|x86
		{71B1D753-53A8-4635-A564-24EA70B4FA0B}.Release|x86.Build.0 = Release|x86
		{71B1D753-53A8-4635-A564-24EA70B4FA0B}.Test|Any CPU.ActiveCfg = Release|Any CPU
		{71B1D753-53A8-4635-A564-24EA70B4FA0B}.Test|Any CPU.Build.0 = Release|Any CPU
		{71B1D753-53A8-4635-A564-24EA70B4FA0B}.Test|Mixed Platforms.ActiveCfg = Release|x86
		{71B1D753-53A8-4635-A564-24EA70B4FA0B}.Test|Mixed Platforms.Build.0 = Release|x86
		{71B1D753-53A8-4635-A564-24EA70B4FA0B}.Test|x64.ActiveCfg = Release|Any CPU
		{71B1D753-53A8-4635-A564-24EA70B4FA0B}.Test|x86.ActiveCfg = Release|Any CPU
		{B864FF31-93B5-443E-988D-93F8A5991D47}.Debug|Any CPU.ActiveCfg = Debug|Any CPU
		{B864FF31-93B5-443E-988D-93F8A5991D47}.Debug|Any CPU.Build.0 = Debug|Any CPU
		{B864FF31-93B5-443E-988D-93F8A5991D47}.Debug|Mixed Platforms.ActiveCfg = Debug|Any CPU
		{B864FF31-93B5-443E-988D-93F8A5991D47}.Debug|Mixed Platforms.Build.0 = Debug|Any CPU
		{B864FF31-93B5-443E-988D-93F8A5991D47}.Debug|x64.ActiveCfg = Debug|Any CPU
		{B864FF31-93B5-443E-988D-93F8A5991D47}.Debug|x64.Build.0 = Debug|Any CPU
		{B864FF31-93B5-443E-988D-93F8A5991D47}.Debug|x86.ActiveCfg = Debug|Any CPU
		{B864FF31-93B5-443E-988D-93F8A5991D47}.Debug|x86.Build.0 = Debug|Any CPU
		{B864FF31-93B5-443E-988D-93F8A5991D47}.Release|Any CPU.ActiveCfg = Release|Any CPU
		{B864FF31-93B5-443E-988D-93F8A5991D47}.Release|Any CPU.Build.0 = Release|Any CPU
		{B864FF31-93B5-443E-988D-93F8A5991D47}.Release|Mixed Platforms.ActiveCfg = Release|Any CPU
		{B864FF31-93B5-443E-988D-93F8A5991D47}.Release|Mixed Platforms.Build.0 = Release|Any CPU
		{B864FF31-93B5-443E-988D-93F8A5991D47}.Release|x64.ActiveCfg = Release|Any CPU
		{B864FF31-93B5-443E-988D-93F8A5991D47}.Release|x64.Build.0 = Release|Any CPU
		{B864FF31-93B5-443E-988D-93F8A5991D47}.Release|x86.ActiveCfg = Release|Any CPU
		{B864FF31-93B5-443E-988D-93F8A5991D47}.Release|x86.Build.0 = Release|Any CPU
		{B864FF31-93B5-443E-988D-93F8A5991D47}.Test|Any CPU.ActiveCfg = Release|Any CPU
		{B864FF31-93B5-443E-988D-93F8A5991D47}.Test|Any CPU.Build.0 = Release|Any CPU
		{B864FF31-93B5-443E-988D-93F8A5991D47}.Test|Mixed Platforms.ActiveCfg = Release|Any CPU
		{B864FF31-93B5-443E-988D-93F8A5991D47}.Test|Mixed Platforms.Build.0 = Release|Any CPU
		{B864FF31-93B5-443E-988D-93F8A5991D47}.Test|x64.ActiveCfg = Release|Any CPU
		{B864FF31-93B5-443E-988D-93F8A5991D47}.Test|x64.Build.0 = Release|Any CPU
		{B864FF31-93B5-443E-988D-93F8A5991D47}.Test|x86.ActiveCfg = Release|Any CPU
		{B864FF31-93B5-443E-988D-93F8A5991D47}.Test|x86.Build.0 = Release|Any CPU
		{7DD04629-7F96-4493-AB0D-BFEB3B3DA342}.Debug|Any CPU.ActiveCfg = Debug|Any CPU
		{7DD04629-7F96-4493-AB0D-BFEB3B3DA342}.Debug|Any CPU.Build.0 = Debug|Any CPU
		{7DD04629-7F96-4493-AB0D-BFEB3B3DA342}.Debug|Mixed Platforms.ActiveCfg = Debug|Any CPU
		{7DD04629-7F96-4493-AB0D-BFEB3B3DA342}.Debug|Mixed Platforms.Build.0 = Debug|Any CPU
		{7DD04629-7F96-4493-AB0D-BFEB3B3DA342}.Debug|x64.ActiveCfg = Debug|Any CPU
		{7DD04629-7F96-4493-AB0D-BFEB3B3DA342}.Debug|x64.Build.0 = Debug|Any CPU
		{7DD04629-7F96-4493-AB0D-BFEB3B3DA342}.Debug|x86.ActiveCfg = Debug|x86
		{7DD04629-7F96-4493-AB0D-BFEB3B3DA342}.Debug|x86.Build.0 = Debug|x86
		{7DD04629-7F96-4493-AB0D-BFEB3B3DA342}.Release|Any CPU.ActiveCfg = Release|Any CPU
		{7DD04629-7F96-4493-AB0D-BFEB3B3DA342}.Release|Any CPU.Build.0 = Release|Any CPU
		{7DD04629-7F96-4493-AB0D-BFEB3B3DA342}.Release|Mixed Platforms.ActiveCfg = Release|Any CPU
		{7DD04629-7F96-4493-AB0D-BFEB3B3DA342}.Release|Mixed Platforms.Build.0 = Release|Any CPU
		{7DD04629-7F96-4493-AB0D-BFEB3B3DA342}.Release|x64.ActiveCfg = Release|Any CPU
		{7DD04629-7F96-4493-AB0D-BFEB3B3DA342}.Release|x64.Build.0 = Release|Any CPU
		{7DD04629-7F96-4493-AB0D-BFEB3B3DA342}.Release|x86.ActiveCfg = Release|Any CPU
		{7DD04629-7F96-4493-AB0D-BFEB3B3DA342}.Release|x86.Build.0 = Release|Any CPU
		{7DD04629-7F96-4493-AB0D-BFEB3B3DA342}.Test|Any CPU.ActiveCfg = Debug|Any CPU
		{7DD04629-7F96-4493-AB0D-BFEB3B3DA342}.Test|Any CPU.Build.0 = Debug|Any CPU
		{7DD04629-7F96-4493-AB0D-BFEB3B3DA342}.Test|Mixed Platforms.ActiveCfg = Debug|Any CPU
		{7DD04629-7F96-4493-AB0D-BFEB3B3DA342}.Test|Mixed Platforms.Build.0 = Debug|Any CPU
		{7DD04629-7F96-4493-AB0D-BFEB3B3DA342}.Test|x64.ActiveCfg = Debug|Any CPU
		{7DD04629-7F96-4493-AB0D-BFEB3B3DA342}.Test|x64.Build.0 = Debug|Any CPU
		{7DD04629-7F96-4493-AB0D-BFEB3B3DA342}.Test|x86.ActiveCfg = Debug|Any CPU
		{7DD04629-7F96-4493-AB0D-BFEB3B3DA342}.Test|x86.Build.0 = Debug|Any CPU
		{13EADD71-0482-4D08-99F3-E1259C4511A2}.Debug|Any CPU.ActiveCfg = Debug|Any CPU
		{13EADD71-0482-4D08-99F3-E1259C4511A2}.Debug|Any CPU.Build.0 = Debug|Any CPU
		{13EADD71-0482-4D08-99F3-E1259C4511A2}.Debug|Mixed Platforms.ActiveCfg = Debug|Any CPU
		{13EADD71-0482-4D08-99F3-E1259C4511A2}.Debug|Mixed Platforms.Build.0 = Debug|Any CPU
		{13EADD71-0482-4D08-99F3-E1259C4511A2}.Debug|x64.ActiveCfg = Debug|Any CPU
		{13EADD71-0482-4D08-99F3-E1259C4511A2}.Debug|x64.Build.0 = Debug|Any CPU
		{13EADD71-0482-4D08-99F3-E1259C4511A2}.Debug|x86.ActiveCfg = Debug|Any CPU
		{13EADD71-0482-4D08-99F3-E1259C4511A2}.Debug|x86.Build.0 = Debug|Any CPU
		{13EADD71-0482-4D08-99F3-E1259C4511A2}.Release|Any CPU.ActiveCfg = Release|Any CPU
		{13EADD71-0482-4D08-99F3-E1259C4511A2}.Release|Any CPU.Build.0 = Release|Any CPU
		{13EADD71-0482-4D08-99F3-E1259C4511A2}.Release|Mixed Platforms.ActiveCfg = Release|Any CPU
		{13EADD71-0482-4D08-99F3-E1259C4511A2}.Release|Mixed Platforms.Build.0 = Release|Any CPU
		{13EADD71-0482-4D08-99F3-E1259C4511A2}.Release|x64.ActiveCfg = Release|Any CPU
		{13EADD71-0482-4D08-99F3-E1259C4511A2}.Release|x64.Build.0 = Release|Any CPU
		{13EADD71-0482-4D08-99F3-E1259C4511A2}.Release|x86.ActiveCfg = Release|Any CPU
		{13EADD71-0482-4D08-99F3-E1259C4511A2}.Release|x86.Build.0 = Release|Any CPU
		{13EADD71-0482-4D08-99F3-E1259C4511A2}.Test|Any CPU.ActiveCfg = Debug|Any CPU
		{13EADD71-0482-4D08-99F3-E1259C4511A2}.Test|Any CPU.Build.0 = Debug|Any CPU
		{13EADD71-0482-4D08-99F3-E1259C4511A2}.Test|Mixed Platforms.ActiveCfg = Debug|Any CPU
		{13EADD71-0482-4D08-99F3-E1259C4511A2}.Test|Mixed Platforms.Build.0 = Debug|Any CPU
		{13EADD71-0482-4D08-99F3-E1259C4511A2}.Test|x64.ActiveCfg = Debug|Any CPU
		{13EADD71-0482-4D08-99F3-E1259C4511A2}.Test|x64.Build.0 = Debug|Any CPU
		{13EADD71-0482-4D08-99F3-E1259C4511A2}.Test|x86.ActiveCfg = Debug|Any CPU
		{13EADD71-0482-4D08-99F3-E1259C4511A2}.Test|x86.Build.0 = Debug|Any CPU
		{BA2A837B-8749-4E8A-AE2D-2B5ABFEB297B}.Debug|Any CPU.ActiveCfg = Debug|Any CPU
		{BA2A837B-8749-4E8A-AE2D-2B5ABFEB297B}.Debug|Any CPU.Build.0 = Debug|Any CPU
		{BA2A837B-8749-4E8A-AE2D-2B5ABFEB297B}.Debug|Mixed Platforms.ActiveCfg = Debug|Any CPU
		{BA2A837B-8749-4E8A-AE2D-2B5ABFEB297B}.Debug|Mixed Platforms.Build.0 = Debug|Any CPU
		{BA2A837B-8749-4E8A-AE2D-2B5ABFEB297B}.Debug|x64.ActiveCfg = Debug|Any CPU
		{BA2A837B-8749-4E8A-AE2D-2B5ABFEB297B}.Debug|x64.Build.0 = Debug|Any CPU
		{BA2A837B-8749-4E8A-AE2D-2B5ABFEB297B}.Debug|x86.ActiveCfg = Debug|Any CPU
		{BA2A837B-8749-4E8A-AE2D-2B5ABFEB297B}.Debug|x86.Build.0 = Debug|Any CPU
		{BA2A837B-8749-4E8A-AE2D-2B5ABFEB297B}.Release|Any CPU.ActiveCfg = Release|Any CPU
		{BA2A837B-8749-4E8A-AE2D-2B5ABFEB297B}.Release|Any CPU.Build.0 = Release|Any CPU
		{BA2A837B-8749-4E8A-AE2D-2B5ABFEB297B}.Release|Mixed Platforms.ActiveCfg = Release|Any CPU
		{BA2A837B-8749-4E8A-AE2D-2B5ABFEB297B}.Release|Mixed Platforms.Build.0 = Release|Any CPU
		{BA2A837B-8749-4E8A-AE2D-2B5ABFEB297B}.Release|x64.ActiveCfg = Release|Any CPU
		{BA2A837B-8749-4E8A-AE2D-2B5ABFEB297B}.Release|x64.Build.0 = Release|Any CPU
		{BA2A837B-8749-4E8A-AE2D-2B5ABFEB297B}.Release|x86.ActiveCfg = Release|Any CPU
		{BA2A837B-8749-4E8A-AE2D-2B5ABFEB297B}.Release|x86.Build.0 = Release|Any CPU
		{BA2A837B-8749-4E8A-AE2D-2B5ABFEB297B}.Test|Any CPU.ActiveCfg = Debug|Any CPU
		{BA2A837B-8749-4E8A-AE2D-2B5ABFEB297B}.Test|Any CPU.Build.0 = Debug|Any CPU
		{BA2A837B-8749-4E8A-AE2D-2B5ABFEB297B}.Test|Mixed Platforms.ActiveCfg = Debug|Any CPU
		{BA2A837B-8749-4E8A-AE2D-2B5ABFEB297B}.Test|Mixed Platforms.Build.0 = Debug|Any CPU
		{BA2A837B-8749-4E8A-AE2D-2B5ABFEB297B}.Test|x64.ActiveCfg = Debug|Any CPU
		{BA2A837B-8749-4E8A-AE2D-2B5ABFEB297B}.Test|x64.Build.0 = Debug|Any CPU
		{BA2A837B-8749-4E8A-AE2D-2B5ABFEB297B}.Test|x86.ActiveCfg = Debug|Any CPU
		{BA2A837B-8749-4E8A-AE2D-2B5ABFEB297B}.Test|x86.Build.0 = Debug|Any CPU
		{4CBBBB73-3DC9-4EF4-A01B-98DC07CA5287}.Debug|Any CPU.ActiveCfg = Debug|Any CPU
		{4CBBBB73-3DC9-4EF4-A01B-98DC07CA5287}.Debug|Any CPU.Build.0 = Debug|Any CPU
		{4CBBBB73-3DC9-4EF4-A01B-98DC07CA5287}.Debug|Mixed Platforms.ActiveCfg = Debug|Any CPU
		{4CBBBB73-3DC9-4EF4-A01B-98DC07CA5287}.Debug|Mixed Platforms.Build.0 = Debug|Any CPU
		{4CBBBB73-3DC9-4EF4-A01B-98DC07CA5287}.Debug|x64.ActiveCfg = Debug|Any CPU
		{4CBBBB73-3DC9-4EF4-A01B-98DC07CA5287}.Debug|x64.Build.0 = Debug|Any CPU
		{4CBBBB73-3DC9-4EF4-A01B-98DC07CA5287}.Debug|x86.ActiveCfg = Debug|Any CPU
		{4CBBBB73-3DC9-4EF4-A01B-98DC07CA5287}.Debug|x86.Build.0 = Debug|Any CPU
		{4CBBBB73-3DC9-4EF4-A01B-98DC07CA5287}.Release|Any CPU.ActiveCfg = Release|Any CPU
		{4CBBBB73-3DC9-4EF4-A01B-98DC07CA5287}.Release|Any CPU.Build.0 = Release|Any CPU
		{4CBBBB73-3DC9-4EF4-A01B-98DC07CA5287}.Release|Mixed Platforms.ActiveCfg = Release|Any CPU
		{4CBBBB73-3DC9-4EF4-A01B-98DC07CA5287}.Release|Mixed Platforms.Build.0 = Release|Any CPU
		{4CBBBB73-3DC9-4EF4-A01B-98DC07CA5287}.Release|x64.ActiveCfg = Release|Any CPU
		{4CBBBB73-3DC9-4EF4-A01B-98DC07CA5287}.Release|x64.Build.0 = Release|Any CPU
		{4CBBBB73-3DC9-4EF4-A01B-98DC07CA5287}.Release|x86.ActiveCfg = Release|Any CPU
		{4CBBBB73-3DC9-4EF4-A01B-98DC07CA5287}.Release|x86.Build.0 = Release|Any CPU
		{4CBBBB73-3DC9-4EF4-A01B-98DC07CA5287}.Test|Any CPU.ActiveCfg = Debug|Any CPU
		{4CBBBB73-3DC9-4EF4-A01B-98DC07CA5287}.Test|Any CPU.Build.0 = Debug|Any CPU
		{4CBBBB73-3DC9-4EF4-A01B-98DC07CA5287}.Test|Mixed Platforms.ActiveCfg = Debug|Any CPU
		{4CBBBB73-3DC9-4EF4-A01B-98DC07CA5287}.Test|Mixed Platforms.Build.0 = Debug|Any CPU
		{4CBBBB73-3DC9-4EF4-A01B-98DC07CA5287}.Test|x64.ActiveCfg = Debug|Any CPU
		{4CBBBB73-3DC9-4EF4-A01B-98DC07CA5287}.Test|x64.Build.0 = Debug|Any CPU
		{4CBBBB73-3DC9-4EF4-A01B-98DC07CA5287}.Test|x86.ActiveCfg = Debug|Any CPU
		{4CBBBB73-3DC9-4EF4-A01B-98DC07CA5287}.Test|x86.Build.0 = Debug|Any CPU
	EndGlobalSection
	GlobalSection(SolutionProperties) = preSolution
		HideSolutionNode = FALSE
	EndGlobalSection
	GlobalSection(NestedProjects) = preSolution
		{E0AF0D2B-A09C-4AF0-9CB7-15C100CA859B} = {9BB13697-8681-4C58-A11B-C9C6A861C776}
		{55A7F92E-10A9-4DB0-8F8B-F359BF537C43} = {E0AF0D2B-A09C-4AF0-9CB7-15C100CA859B}
		{D9DADF10-38EB-476C-92ED-E189D54DD9FB} = {E0AF0D2B-A09C-4AF0-9CB7-15C100CA859B}
		{9EEF11AE-5542-4AA9-8B9E-DEB90EF9E32B} = {4F076AD9-8A24-490D-9DD9-BC6967FBE10A}
		{A89B7CCD-B499-49D7-BCF9-ABEEF1CBE84F} = {9BB13697-8681-4C58-A11B-C9C6A861C776}
		{66FD1243-D292-4CAA-A6F7-B80FCD15D141} = {E0AF0D2B-A09C-4AF0-9CB7-15C100CA859B}
		{3BB9E501-1901-4180-B9D7-04AE4F913C99} = {9BB13697-8681-4C58-A11B-C9C6A861C776}
		{F3B664B3-A1D8-446B-8D34-D11F133F6EE0} = {6977BEB7-CB90-4B08-8310-211ABA9464F8}
		{C604E960-EDD4-494C-9B48-CEF9AEE3B3C7} = {6977BEB7-CB90-4B08-8310-211ABA9464F8}
		{969DEB9C-5400-45EF-8C62-4DCAA4FC0CB5} = {A48F5068-4100-4168-BC9B-47898F5FF4A3}
		{0C235C9C-4FD8-49FA-91E3-02064C570641} = {6977BEB7-CB90-4B08-8310-211ABA9464F8}
		{49755D25-4FE2-4A69-8887-37DBEABEE2D1} = {6977BEB7-CB90-4B08-8310-211ABA9464F8}
		{5172A3B6-B092-4293-AFA8-74F1778834DA} = {6977BEB7-CB90-4B08-8310-211ABA9464F8}
		{CF3F514D-E284-41F0-BDB5-469E0520D621} = {6977BEB7-CB90-4B08-8310-211ABA9464F8}
		{6B4A997F-4EE4-4AAB-8512-D2F988113880} = {6977BEB7-CB90-4B08-8310-211ABA9464F8}
		{71B1D753-53A8-4635-A564-24EA70B4FA0B} = {6977BEB7-CB90-4B08-8310-211ABA9464F8}
		{B864FF31-93B5-443E-988D-93F8A5991D47} = {B66E07D7-69D5-420F-A384-A7F51DF11559}
		{7DD04629-7F96-4493-AB0D-BFEB3B3DA342} = {6977BEB7-CB90-4B08-8310-211ABA9464F8}
		{13EADD71-0482-4D08-99F3-E1259C4511A2} = {6977BEB7-CB90-4B08-8310-211ABA9464F8}
		{BA2A837B-8749-4E8A-AE2D-2B5ABFEB297B} = {6977BEB7-CB90-4B08-8310-211ABA9464F8}
		{4CBBBB73-3DC9-4EF4-A01B-98DC07CA5287} = {6977BEB7-CB90-4B08-8310-211ABA9464F8}
	EndGlobalSection
	GlobalSection(ExtensibilityGlobals) = postSolution
		SolutionGuid = {E5CB46D7-157A-4F98-838B-C75BA74D1595}
	EndGlobalSection
	GlobalSection(SubversionScc) = preSolution
		Svn-Managed = True
		Manager = AnkhSVN - Subversion Support for Visual Studio
	EndGlobalSection
	GlobalSection(TestCaseManagementSettings) = postSolution
		CategoryFile = cwkGestao1.vsmdi
	EndGlobalSection
EndGlobal
